
Microsoft Visual Studio Solution File, Format Version 12.00
# Visual Studio Version 17
VisualStudioVersion = 17.3.32901.215
MinimumVisualStudioVersion = 10.0.40219.1
Project("{FAE04EC0-301F-11D3-BF4B-00C04F79EFBC}") = "Week7", "Week7\Week7.csproj", "{B596461F-9EF5-474A-A9E7-17E581126B30}"
EndProject
Global
	GlobalSection(SolutionConfigurationPlatforms) = preSolution
		Debug|Any CPU = Debug|Any CPU
		Release|Any CPU = Release|Any CPU
	EndGlobalSection
	GlobalSection(ProjectConfigurationPlatforms) = postSolution
		{B596461F-9EF5-474A-A9E7-17E581126B30}.Debug|Any CPU.ActiveCfg = Debug|Any CPU
		{B596461F-9EF5-474A-A9E7-17E581126B30}.Debug|Any CPU.Build.0 = Debug|Any CPU
		{B596461F-9EF5-474A-A9E7-17E581126B30}.Release|Any CPU.ActiveCfg = Release|Any CPU
		{B596461F-9EF5-474A-A9E7-17E581126B30}.Release|Any CPU.Build.0 = Release|Any CPU
	EndGlobalSection
	GlobalSection(SolutionProperties) = preSolution
		HideSolutionNode = FALSE
	EndGlobalSection
	GlobalSection(ExtensibilityGlobals) = postSolution
		SolutionGuid = {2601DA80-7DF1-4BE3-AF03-8DF2630D7D5D}
	EndGlobalSection
EndGlobal
