
Microsoft Visual Studio Solution File, Format Version 12.00
# Visual Studio Version 17
VisualStudioVersion = 17.3.32901.215
MinimumVisualStudioVersion = 10.0.40219.1
Project("{FAE04EC0-301F-11D3-BF4B-00C04F79EFBC}") = "Week4", "Week4\Week4.csproj", "{F03C135A-E626-4E9F-A9BF-C7D8ACC213D2}"
EndProject
Global
	GlobalSection(SolutionConfigurationPlatforms) = preSolution
		Debug|Any CPU = Debug|Any CPU
		Release|Any CPU = Release|Any CPU
	EndGlobalSection
	GlobalSection(ProjectConfigurationPlatforms) = postSolution
		{F03C135A-E626-4E9F-A9BF-C7D8ACC213D2}.Debug|Any CPU.ActiveCfg = Debug|Any CPU
		{F03C135A-E626-4E9F-A9BF-C7D8ACC213D2}.Debug|Any CPU.Build.0 = Debug|Any CPU
		{F03C135A-E626-4E9F-A9BF-C7D8ACC213D2}.Release|Any CPU.ActiveCfg = Release|Any CPU
		{F03C135A-E626-4E9F-A9BF-C7D8ACC213D2}.Release|Any CPU.Build.0 = Release|Any CPU
	EndGlobalSection
	GlobalSection(SolutionProperties) = preSolution
		HideSolutionNode = FALSE
	EndGlobalSection
	GlobalSection(ExtensibilityGlobals) = postSolution
		SolutionGuid = {815D48DF-E4AF-4D4B-81E0-F5E150ECF622}
	EndGlobalSection
EndGlobal
