
Microsoft Visual Studio Solution File, Format Version 12.00
# Visual Studio Version 17
VisualStudioVersion = 17.3.32901.215
MinimumVisualStudioVersion = 10.0.40219.1
Project("{FAE04EC0-301F-11D3-BF4B-00C04F79EFBC}") = "Week2", "Week2\Week2.csproj", "{96E25F22-E5DD-42AB-9E71-995FD79E487D}"
EndProject
Global
	GlobalSection(SolutionConfigurationPlatforms) = preSolution
		Debug|Any CPU = Debug|Any CPU
		Release|Any CPU = Release|Any CPU
	EndGlobalSection
	GlobalSection(ProjectConfigurationPlatforms) = postSolution
		{96E25F22-E5DD-42AB-9E71-995FD79E487D}.Debug|Any CPU.ActiveCfg = Debug|Any CPU
		{96E25F22-E5DD-42AB-9E71-995FD79E487D}.Debug|Any CPU.Build.0 = Debug|Any CPU
		{96E25F22-E5DD-42AB-9E71-995FD79E487D}.Release|Any CPU.ActiveCfg = Release|Any CPU
		{96E25F22-E5DD-42AB-9E71-995FD79E487D}.Release|Any CPU.Build.0 = Release|Any CPU
	EndGlobalSection
	GlobalSection(SolutionProperties) = preSolution
		HideSolutionNode = FALSE
	EndGlobalSection
	GlobalSection(ExtensibilityGlobals) = postSolution
		SolutionGuid = {26E726EE-2D98-4107-8B5A-EFA76404F7B1}
	EndGlobalSection
EndGlobal
